
Microsoft Visual Studio Solution File, Format Version 12.00
# Visual Studio 14
VisualStudioVersion = 14.0.25123.0
MinimumVisualStudioVersion = 10.0.40219.1
Project("{FAE04EC0-301F-11D3-BF4B-00C04F79EFBC}") = "OverwatchDotNet", "OverwatchDotNet\OverwatchDotNet.csproj", "{F680E79A-5DB1-42AB-9A30-FBB2D7396D63}"
EndProject
Project("{FAE04EC0-301F-11D3-BF4B-00C04F79EFBC}") = "OverwatchDotNetTestbed", "OverwatchDotNetTestbed\OverwatchDotNetTestbed.csproj", "{4FDD015A-D097-4D9A-A204-6B1614DA7824}"
EndProject
Global
	GlobalSection(SolutionConfigurationPlatforms) = preSolution
		Debug|Any CPU = Debug|Any CPU
		Release|Any CPU = Release|Any CPU
	EndGlobalSection
	GlobalSection(ProjectConfigurationPlatforms) = postSolution
		{F680E79A-5DB1-42AB-9A30-FBB2D7396D63}.Debug|Any CPU.ActiveCfg = Debug|Any CPU
		{F680E79A-5DB1-42AB-9A30-FBB2D7396D63}.Debug|Any CPU.Build.0 = Debug|Any CPU
		{F680E79A-5DB1-42AB-9A30-FBB2D7396D63}.Release|Any CPU.ActiveCfg = Release|Any CPU
		{F680E79A-5DB1-42AB-9A30-FBB2D7396D63}.Release|Any CPU.Build.0 = Release|Any CPU
		{4FDD015A-D097-4D9A-A204-6B1614DA7824}.Debug|Any CPU.ActiveCfg = Debug|Any CPU
		{4FDD015A-D097-4D9A-A204-6B1614DA7824}.Debug|Any CPU.Build.0 = Debug|Any CPU
		{4FDD015A-D097-4D9A-A204-6B1614DA7824}.Release|Any CPU.ActiveCfg = Release|Any CPU
		{4FDD015A-D097-4D9A-A204-6B1614DA7824}.Release|Any CPU.Build.0 = Release|Any CPU
	EndGlobalSection
	GlobalSection(SolutionProperties) = preSolution
		HideSolutionNode = FALSE
	EndGlobalSection
EndGlobal
